
Microsoft Visual Studio Solution File, Format Version 12.00
# Visual Studio 15
VisualStudioVersion = 15.0.28307.1062
MinimumVisualStudioVersion = 10.0.40219.1
Project("{FAE04EC0-301F-11D3-BF4B-00C04F79EFBC}") = "LibraryManagementDemo", "LibraryManagementDemo\LibraryManagementDemo.csproj", "{597C3DD5-02A6-41FF-86C8-937F86E4AF20}"
EndProject
Global
	GlobalSection(SolutionConfigurationPlatforms) = preSolution
		Debug|Any CPU = Debug|Any CPU
		Release|Any CPU = Release|Any CPU
	EndGlobalSection
	GlobalSection(ProjectConfigurationPlatforms) = postSolution
		{597C3DD5-02A6-41FF-86C8-937F86E4AF20}.Debug|Any CPU.ActiveCfg = Debug|Any CPU
		{597C3DD5-02A6-41FF-86C8-937F86E4AF20}.Debug|Any CPU.Build.0 = Debug|Any CPU
		{597C3DD5-02A6-41FF-86C8-937F86E4AF20}.Release|Any CPU.ActiveCfg = Release|Any CPU
		{597C3DD5-02A6-41FF-86C8-937F86E4AF20}.Release|Any CPU.Build.0 = Release|Any CPU
	EndGlobalSection
	GlobalSection(SolutionProperties) = preSolution
		HideSolutionNode = FALSE
	EndGlobalSection
	GlobalSection(ExtensibilityGlobals) = postSolution
		SolutionGuid = {62ED9111-4AB5-4F64-98B1-1F1CD56CCF35}
	EndGlobalSection
EndGlobal
